
Microsoft Visual Studio Solution File, Format Version 12.00
# Visual Studio 14
VisualStudioVersion = 14.0.25420.1
MinimumVisualStudioVersion = 10.0.40219.1
Project("{2150E333-8FDC-42A3-9474-1A3956D46DE8}") = "src", "src", "{2016D946-0E8B-49E6-9BB7-0DF3C8CCCEBA}"
EndProject
Project("{2150E333-8FDC-42A3-9474-1A3956D46DE8}") = "Solution Items", "Solution Items", "{A51E45E2-146F-478E-8F37-BA2346E9D680}"
	ProjectSection(SolutionItems) = preProject
		global.json = global.json
	EndProjectSection
EndProject
Project("{8BB2217D-0F2D-49D1-97BC-3654ED321F3B}") = "WebSite", "src\WebSite\WebSite.xproj", "{806EF7AE-19E4-4130-805C-023EBEFC7B44}"
EndProject
Global
	GlobalSection(SolutionConfigurationPlatforms) = preSolution
		Debug|Any CPU = Debug|Any CPU
		Release|Any CPU = Release|Any CPU
	EndGlobalSection
	GlobalSection(ProjectConfigurationPlatforms) = postSolution
		{806EF7AE-19E4-4130-805C-023EBEFC7B44}.Debug|Any CPU.ActiveCfg = Debug|Any CPU
		{806EF7AE-19E4-4130-805C-023EBEFC7B44}.Debug|Any CPU.Build.0 = Debug|Any CPU
		{806EF7AE-19E4-4130-805C-023EBEFC7B44}.Release|Any CPU.ActiveCfg = Release|Any CPU
		{806EF7AE-19E4-4130-805C-023EBEFC7B44}.Release|Any CPU.Build.0 = Release|Any CPU
	EndGlobalSection
	GlobalSection(SolutionProperties) = preSolution
		HideSolutionNode = FALSE
	EndGlobalSection
	GlobalSection(NestedProjects) = preSolution
		{806EF7AE-19E4-4130-805C-023EBEFC7B44} = {2016D946-0E8B-49E6-9BB7-0DF3C8CCCEBA}
	EndGlobalSection
EndGlobal
